
Microsoft Visual Studio Solution File, Format Version 12.00
# Visual Studio 14
VisualStudioVersion = 14.0.25420.1
MinimumVisualStudioVersion = 10.0.40219.1
Project("{FAE04EC0-301F-11D3-BF4B-00C04F79EFBC}") = "MyPortfolio", "MyPortfolio\MyPortfolio.csproj", "{B885BD7E-954E-4E5D-B15D-A954FC44E12F}"
EndProject
Project("{FAE04EC0-301F-11D3-BF4B-00C04F79EFBC}") = "MyPortfolio.Tests", "MyPortfolio.Tests\MyPortfolio.Tests.csproj", "{6BFB8C34-C80B-429B-BA19-AA4B3825F39F}"
EndProject
Global
	GlobalSection(SolutionConfigurationPlatforms) = preSolution
		Debug|Any CPU = Debug|Any CPU
		Release|Any CPU = Release|Any CPU
	EndGlobalSection
	GlobalSection(ProjectConfigurationPlatforms) = postSolution
		{B885BD7E-954E-4E5D-B15D-A954FC44E12F}.Debug|Any CPU.ActiveCfg = Debug|Any CPU
		{B885BD7E-954E-4E5D-B15D-A954FC44E12F}.Debug|Any CPU.Build.0 = Debug|Any CPU
		{B885BD7E-954E-4E5D-B15D-A954FC44E12F}.Release|Any CPU.ActiveCfg = Release|Any CPU
		{B885BD7E-954E-4E5D-B15D-A954FC44E12F}.Release|Any CPU.Build.0 = Release|Any CPU
		{6BFB8C34-C80B-429B-BA19-AA4B3825F39F}.Debug|Any CPU.ActiveCfg = Debug|Any CPU
		{6BFB8C34-C80B-429B-BA19-AA4B3825F39F}.Debug|Any CPU.Build.0 = Debug|Any CPU
		{6BFB8C34-C80B-429B-BA19-AA4B3825F39F}.Release|Any CPU.ActiveCfg = Release|Any CPU
		{6BFB8C34-C80B-429B-BA19-AA4B3825F39F}.Release|Any CPU.Build.0 = Release|Any CPU
	EndGlobalSection
	GlobalSection(SolutionProperties) = preSolution
		HideSolutionNode = FALSE
	EndGlobalSection
EndGlobal
