
Microsoft Visual Studio Solution File, Format Version 12.00
# Visual Studio 14
VisualStudioVersion = 14.0.25420.1
MinimumVisualStudioVersion = 10.0.40219.1
Project("{FAE04EC0-301F-11D3-BF4B-00C04F79EFBC}") = "MyOwnMVC", "MyOwnMVC\MyOwnMVC.csproj", "{1833835A-2B9D-4904-8963-B73BCC5436C2}"
EndProject
Project("{FAE04EC0-301F-11D3-BF4B-00C04F79EFBC}") = "MyOwnMVC.Tests", "MyOwnMVC.Tests\MyOwnMVC.Tests.csproj", "{D3F17CD1-6099-47B6-9EAE-1DF6A0ADADD7}"
EndProject
Global
	GlobalSection(SolutionConfigurationPlatforms) = preSolution
		Debug|Any CPU = Debug|Any CPU
		Release|Any CPU = Release|Any CPU
	EndGlobalSection
	GlobalSection(ProjectConfigurationPlatforms) = postSolution
		{1833835A-2B9D-4904-8963-B73BCC5436C2}.Debug|Any CPU.ActiveCfg = Debug|Any CPU
		{1833835A-2B9D-4904-8963-B73BCC5436C2}.Debug|Any CPU.Build.0 = Debug|Any CPU
		{1833835A-2B9D-4904-8963-B73BCC5436C2}.Release|Any CPU.ActiveCfg = Release|Any CPU
		{1833835A-2B9D-4904-8963-B73BCC5436C2}.Release|Any CPU.Build.0 = Release|Any CPU
		{D3F17CD1-6099-47B6-9EAE-1DF6A0ADADD7}.Debug|Any CPU.ActiveCfg = Debug|Any CPU
		{D3F17CD1-6099-47B6-9EAE-1DF6A0ADADD7}.Debug|Any CPU.Build.0 = Debug|Any CPU
		{D3F17CD1-6099-47B6-9EAE-1DF6A0ADADD7}.Release|Any CPU.ActiveCfg = Release|Any CPU
		{D3F17CD1-6099-47B6-9EAE-1DF6A0ADADD7}.Release|Any CPU.Build.0 = Release|Any CPU
	EndGlobalSection
	GlobalSection(SolutionProperties) = preSolution
		HideSolutionNode = FALSE
	EndGlobalSection
EndGlobal
